
Microsoft Visual Studio Solution File, Format Version 12.00
# Visual Studio Version 17
VisualStudioVersion = 17.7.34221.43
MinimumVisualStudioVersion = 10.0.40219.1
Project("{9A19103F-16F7-4668-BE54-9A1E7A4F7556}") = "Task4ge.Server", "Task4ge.Server\Task4ge.Server.csproj", "{FBE157EF-A8D8-4EB6-9199-F1CE3509BC66}"
EndProject
Global
	GlobalSection(SolutionConfigurationPlatforms) = preSolution
		Debug|Any CPU = Debug|Any CPU
		Release|Any CPU = Release|Any CPU
	EndGlobalSection
	GlobalSection(ProjectConfigurationPlatforms) = postSolution
		{FBE157EF-A8D8-4EB6-9199-F1CE3509BC66}.Debug|Any CPU.ActiveCfg = Debug|Any CPU
		{FBE157EF-A8D8-4EB6-9199-F1CE3509BC66}.Debug|Any CPU.Build.0 = Debug|Any CPU
		{FBE157EF-A8D8-4EB6-9199-F1CE3509BC66}.Release|Any CPU.ActiveCfg = Release|Any CPU
		{FBE157EF-A8D8-4EB6-9199-F1CE3509BC66}.Release|Any CPU.Build.0 = Release|Any CPU
	EndGlobalSection
	GlobalSection(SolutionProperties) = preSolution
		HideSolutionNode = FALSE
	EndGlobalSection
	GlobalSection(ExtensibilityGlobals) = postSolution
		SolutionGuid = {EC9940CB-8029-430B-95D1-DD0EC273005F}
	EndGlobalSection
EndGlobal
